
Microsoft Visual Studio Solution File, Format Version 12.00
# Visual Studio 2013
VisualStudioVersion = 12.0.31101.0
MinimumVisualStudioVersion = 10.0.40219.1
Project("{FAE04EC0-301F-11D3-BF4B-00C04F79EFBC}") = "CatClass", "CatClass\CatClass.csproj", "{8F40FE41-A291-4B69-B5D3-2392AE42E801}"
EndProject
Project("{FAE04EC0-301F-11D3-BF4B-00C04F79EFBC}") = "CarClass", "CarClass\CarClass.csproj", "{EDA61BC3-0E28-40BE-9285-D6C9ACB07F2B}"
EndProject
Project("{FAE04EC0-301F-11D3-BF4B-00C04F79EFBC}") = "Right-AngledTriangleClass", "Right-AngledTriangleClass\Right-AngledTriangleClass.csproj", "{E469D738-69CB-4F6E-BEE0-DCBC04037099}"
EndProject
Project("{FAE04EC0-301F-11D3-BF4B-00C04F79EFBC}") = "ConvertTemperature", "ConvertTemperature\ConvertTemperature.csproj", "{4F3F5794-8301-444F-B8F2-6BA3F4DE7F94}"
EndProject
Global
	GlobalSection(SolutionConfigurationPlatforms) = preSolution
		Debug|Any CPU = Debug|Any CPU
		Release|Any CPU = Release|Any CPU
	EndGlobalSection
	GlobalSection(ProjectConfigurationPlatforms) = postSolution
		{8F40FE41-A291-4B69-B5D3-2392AE42E801}.Debug|Any CPU.ActiveCfg = Debug|Any CPU
		{8F40FE41-A291-4B69-B5D3-2392AE42E801}.Debug|Any CPU.Build.0 = Debug|Any CPU
		{8F40FE41-A291-4B69-B5D3-2392AE42E801}.Release|Any CPU.ActiveCfg = Release|Any CPU
		{8F40FE41-A291-4B69-B5D3-2392AE42E801}.Release|Any CPU.Build.0 = Release|Any CPU
		{EDA61BC3-0E28-40BE-9285-D6C9ACB07F2B}.Debug|Any CPU.ActiveCfg = Debug|Any CPU
		{EDA61BC3-0E28-40BE-9285-D6C9ACB07F2B}.Debug|Any CPU.Build.0 = Debug|Any CPU
		{EDA61BC3-0E28-40BE-9285-D6C9ACB07F2B}.Release|Any CPU.ActiveCfg = Release|Any CPU
		{EDA61BC3-0E28-40BE-9285-D6C9ACB07F2B}.Release|Any CPU.Build.0 = Release|Any CPU
		{E469D738-69CB-4F6E-BEE0-DCBC04037099}.Debug|Any CPU.ActiveCfg = Debug|Any CPU
		{E469D738-69CB-4F6E-BEE0-DCBC04037099}.Debug|Any CPU.Build.0 = Debug|Any CPU
		{E469D738-69CB-4F6E-BEE0-DCBC04037099}.Release|Any CPU.ActiveCfg = Release|Any CPU
		{E469D738-69CB-4F6E-BEE0-DCBC04037099}.Release|Any CPU.Build.0 = Release|Any CPU
		{4F3F5794-8301-444F-B8F2-6BA3F4DE7F94}.Debug|Any CPU.ActiveCfg = Debug|Any CPU
		{4F3F5794-8301-444F-B8F2-6BA3F4DE7F94}.Debug|Any CPU.Build.0 = Debug|Any CPU
		{4F3F5794-8301-444F-B8F2-6BA3F4DE7F94}.Release|Any CPU.ActiveCfg = Release|Any CPU
		{4F3F5794-8301-444F-B8F2-6BA3F4DE7F94}.Release|Any CPU.Build.0 = Release|Any CPU
	EndGlobalSection
	GlobalSection(SolutionProperties) = preSolution
		HideSolutionNode = FALSE
	EndGlobalSection
EndGlobal
